
Microsoft Visual Studio Solution File, Format Version 12.00
# Visual Studio Version 16
VisualStudioVersion = 16.0.30320.27
MinimumVisualStudioVersion = 10.0.40219.1
Project("{FAE04EC0-301F-11D3-BF4B-00C04F79EFBC}") = "WPFMVVMBasic", "WPFMVVMBasic\WPFMVVMBasic.csproj", "{B7DE42E7-8090-46E4-9CB3-418937CFC437}"
EndProject
Global
	GlobalSection(SolutionConfigurationPlatforms) = preSolution
		Debug|Any CPU = Debug|Any CPU
		Release|Any CPU = Release|Any CPU
	EndGlobalSection
	GlobalSection(ProjectConfigurationPlatforms) = postSolution
		{B7DE42E7-8090-46E4-9CB3-418937CFC437}.Debug|Any CPU.ActiveCfg = Debug|Any CPU
		{B7DE42E7-8090-46E4-9CB3-418937CFC437}.Debug|Any CPU.Build.0 = Debug|Any CPU
		{B7DE42E7-8090-46E4-9CB3-418937CFC437}.Release|Any CPU.ActiveCfg = Release|Any CPU
		{B7DE42E7-8090-46E4-9CB3-418937CFC437}.Release|Any CPU.Build.0 = Release|Any CPU
	EndGlobalSection
	GlobalSection(SolutionProperties) = preSolution
		HideSolutionNode = FALSE
	EndGlobalSection
	GlobalSection(ExtensibilityGlobals) = postSolution
		SolutionGuid = {F6EF8E5A-2012-428F-9F4D-2978582844F6}
	EndGlobalSection
EndGlobal
